{
  "name": "hackingtokensummer",
  "version": "1.0.0",
  "lockfileVersion": 2,
  "requires": true,
  "packages": {
    "": {
      "name": "hackingtokensummer",
      "version": "1.0.0",
      "license": "ISC",
      "dependencies": {
        "bottleneck": "^2.19.5",
        "coingecko-api": "^1.0.10"
      }
    },
    "node_modules/bottleneck": {
      "version": "2.19.5",
      "resolved": "https://registry.npmjs.org/bottleneck/-/bottleneck-2.19.5.tgz",
      "integrity": "sha512-VHiNCbI1lKdl44tGrhNfU3lup0Tj/ZBMJB5/2ZbNXRCPuRCO7ed2mgcK4r17y+KB2EfuYuRaVlwNbAeaWGSpbw=="
    },
    "node_modules/coingecko-api": {
      "version": "1.0.10",
      "resolved": "https://registry.npmjs.org/coingecko-api/-/coingecko-api-1.0.10.tgz",
      "integrity": "sha512-7YLLC85+daxAw5QlBWoHVBVpJRwoPr4HtwanCr8V/WRjoyHTa1Lb9DQAvv4MDJZHiz4no6HGnDQnddtjV35oRA=="
    }
  },
  "dependencies": {
    "bottleneck": {
      "version": "2.19.5",
      "resolved": "https://registry.npmjs.org/bottleneck/-/bottleneck-2.19.5.tgz",
      "integrity": "sha512-VHiNCbI1lKdl44tGrhNfU3lup0Tj/ZBMJB5/2ZbNXRCPuRCO7ed2mgcK4r17y+KB2EfuYuRaVlwNbAeaWGSpbw=="
    },
    "coingecko-api": {
      "version": "1.0.10",
      "resolved": "https://registry.npmjs.org/coingecko-api/-/coingecko-api-1.0.10.tgz",
      "integrity": "sha512-7YLLC85+daxAw5QlBWoHVBVpJRwoPr4HtwanCr8V/WRjoyHTa1Lb9DQAvv4MDJZHiz4no6HGnDQnddtjV35oRA=="
    }
  }
}
